
Microsoft Visual Studio Solution File, Format Version 12.00
# Visual Studio Version 17
VisualStudioVersion = 17.7.34031.279
MinimumVisualStudioVersion = 10.0.40219.1
Project("{FAE04EC0-301F-11D3-BF4B-00C04F79EFBC}") = "Esercitazione202310_12DaTemplate", "Esercitazione202310_12DaTemplate\Esercitazione202310_12DaTemplate.csproj", "{661B6ACD-007E-4618-891F-136ACC750167}"
EndProject
Global
	GlobalSection(SolutionConfigurationPlatforms) = preSolution
		Debug|Any CPU = Debug|Any CPU
		Release|Any CPU = Release|Any CPU
	EndGlobalSection
	GlobalSection(ProjectConfigurationPlatforms) = postSolution
		{661B6ACD-007E-4618-891F-136ACC750167}.Debug|Any CPU.ActiveCfg = Debug|Any CPU
		{661B6ACD-007E-4618-891F-136ACC750167}.Debug|Any CPU.Build.0 = Debug|Any CPU
		{661B6ACD-007E-4618-891F-136ACC750167}.Release|Any CPU.ActiveCfg = Release|Any CPU
		{661B6ACD-007E-4618-891F-136ACC750167}.Release|Any CPU.Build.0 = Release|Any CPU
	EndGlobalSection
	GlobalSection(SolutionProperties) = preSolution
		HideSolutionNode = FALSE
	EndGlobalSection
	GlobalSection(ExtensibilityGlobals) = postSolution
		SolutionGuid = {3923680C-7FAC-4FF1-AF89-3138672C6D0C}
	EndGlobalSection
EndGlobal
